
Microsoft Visual Studio Solution File, Format Version 12.00
# Visual Studio Version 17
VisualStudioVersion = 17.9.34723.18
MinimumVisualStudioVersion = 10.0.40219.1
Project("{FAE04EC0-301F-11D3-BF4B-00C04F79EFBC}") = "ApiApplication", "ApiApplication\ApiApplication.csproj", "{35405330-DB6F-4037-B57C-CE8D69F3D807}"
EndProject
Project("{E53339B2-1760-4266-BCC7-CA923CBCF16C}") = "docker-compose", "docker-compose.dcproj", "{1D7E990F-3770-4304-9C80-EFBC4E80E571}"
EndProject
Global
	GlobalSection(SolutionConfigurationPlatforms) = preSolution
		Debug|Any CPU = Debug|Any CPU
		Release|Any CPU = Release|Any CPU
	EndGlobalSection
	GlobalSection(ProjectConfigurationPlatforms) = postSolution
		{35405330-DB6F-4037-B57C-CE8D69F3D807}.Debug|Any CPU.ActiveCfg = Debug|Any CPU
		{35405330-DB6F-4037-B57C-CE8D69F3D807}.Debug|Any CPU.Build.0 = Debug|Any CPU
		{35405330-DB6F-4037-B57C-CE8D69F3D807}.Release|Any CPU.ActiveCfg = Release|Any CPU
		{35405330-DB6F-4037-B57C-CE8D69F3D807}.Release|Any CPU.Build.0 = Release|Any CPU
		{1D7E990F-3770-4304-9C80-EFBC4E80E571}.Debug|Any CPU.ActiveCfg = Debug|Any CPU
		{1D7E990F-3770-4304-9C80-EFBC4E80E571}.Debug|Any CPU.Build.0 = Debug|Any CPU
		{1D7E990F-3770-4304-9C80-EFBC4E80E571}.Release|Any CPU.ActiveCfg = Release|Any CPU
		{1D7E990F-3770-4304-9C80-EFBC4E80E571}.Release|Any CPU.Build.0 = Release|Any CPU
	EndGlobalSection
	GlobalSection(SolutionProperties) = preSolution
		HideSolutionNode = FALSE
	EndGlobalSection
	GlobalSection(ExtensibilityGlobals) = postSolution
		SolutionGuid = {43A0FA74-8123-4360-87CE-956B0721DCC6}
	EndGlobalSection
EndGlobal
