
Microsoft Visual Studio Solution File, Format Version 12.00
# Visual Studio Version 17
VisualStudioVersion = 17.9.34723.18
MinimumVisualStudioVersion = 10.0.40219.1
Project("{9A19103F-16F7-4668-BE54-9A1E7A4F7556}") = "ApiApplication", "ApiApplication\ApiApplication.csproj", "{35405330-DB6F-4037-B57C-CE8D69F3D807}"
EndProject
Project("{E53339B2-1760-4266-BCC7-CA923CBCF16C}") = "docker-compose", "docker-compose.dcproj", "{1D7E990F-3770-4304-9C80-EFBC4E80E571}"
EndProject
Project("{9A19103F-16F7-4668-BE54-9A1E7A4F7556}") = "ApiApplication.Domain", "ApiApplication.Domain\ApiApplication.Domain.csproj", "{7179D17C-8ADE-4CAB-BCFB-CDE87BCC544A}"
EndProject
Project("{9A19103F-16F7-4668-BE54-9A1E7A4F7556}") = "ApiApplication.Domain.Tests", "ApiApplication.Domain.Tests\ApiApplication.Domain.Tests.csproj", "{88791588-C2D1-4F15-A649-86E40E1466CB}"
EndProject
Project("{9A19103F-16F7-4668-BE54-9A1E7A4F7556}") = "ApiApplication.Caching", "ApiApplication.Caching\ApiApplication.Caching.csproj", "{A6B31B00-365C-4F0B-B39A-941AEBCEB851}"
EndProject
Project("{9A19103F-16F7-4668-BE54-9A1E7A4F7556}") = "ApiApplication.Repository", "ApiApplication.Repository\ApiApplication.Repository.csproj", "{DD871F4D-F3F8-45A3-B6E6-81C2F5BF476A}"
EndProject
Project("{FAE04EC0-301F-11D3-BF4B-00C04F79EFBC}") = "ApiApplication.Client", "ApiApplication.Client\ApiApplication.Client.csproj", "{23D84068-68A5-4C83-B28E-237720336D3B}"
EndProject
Global
	GlobalSection(SolutionConfigurationPlatforms) = preSolution
		Debug|Any CPU = Debug|Any CPU
		Release|Any CPU = Release|Any CPU
	EndGlobalSection
	GlobalSection(ProjectConfigurationPlatforms) = postSolution
		{35405330-DB6F-4037-B57C-CE8D69F3D807}.Debug|Any CPU.ActiveCfg = Debug|Any CPU
		{35405330-DB6F-4037-B57C-CE8D69F3D807}.Debug|Any CPU.Build.0 = Debug|Any CPU
		{35405330-DB6F-4037-B57C-CE8D69F3D807}.Release|Any CPU.ActiveCfg = Release|Any CPU
		{35405330-DB6F-4037-B57C-CE8D69F3D807}.Release|Any CPU.Build.0 = Release|Any CPU
		{1D7E990F-3770-4304-9C80-EFBC4E80E571}.Debug|Any CPU.ActiveCfg = Debug|Any CPU
		{1D7E990F-3770-4304-9C80-EFBC4E80E571}.Debug|Any CPU.Build.0 = Debug|Any CPU
		{1D7E990F-3770-4304-9C80-EFBC4E80E571}.Release|Any CPU.ActiveCfg = Release|Any CPU
		{1D7E990F-3770-4304-9C80-EFBC4E80E571}.Release|Any CPU.Build.0 = Release|Any CPU
		{7179D17C-8ADE-4CAB-BCFB-CDE87BCC544A}.Debug|Any CPU.ActiveCfg = Debug|Any CPU
		{7179D17C-8ADE-4CAB-BCFB-CDE87BCC544A}.Debug|Any CPU.Build.0 = Debug|Any CPU
		{7179D17C-8ADE-4CAB-BCFB-CDE87BCC544A}.Release|Any CPU.ActiveCfg = Release|Any CPU
		{7179D17C-8ADE-4CAB-BCFB-CDE87BCC544A}.Release|Any CPU.Build.0 = Release|Any CPU
		{88791588-C2D1-4F15-A649-86E40E1466CB}.Debug|Any CPU.ActiveCfg = Debug|Any CPU
		{88791588-C2D1-4F15-A649-86E40E1466CB}.Debug|Any CPU.Build.0 = Debug|Any CPU
		{88791588-C2D1-4F15-A649-86E40E1466CB}.Release|Any CPU.ActiveCfg = Release|Any CPU
		{88791588-C2D1-4F15-A649-86E40E1466CB}.Release|Any CPU.Build.0 = Release|Any CPU
		{A6B31B00-365C-4F0B-B39A-941AEBCEB851}.Debug|Any CPU.ActiveCfg = Debug|Any CPU
		{A6B31B00-365C-4F0B-B39A-941AEBCEB851}.Debug|Any CPU.Build.0 = Debug|Any CPU
		{A6B31B00-365C-4F0B-B39A-941AEBCEB851}.Release|Any CPU.ActiveCfg = Release|Any CPU
		{A6B31B00-365C-4F0B-B39A-941AEBCEB851}.Release|Any CPU.Build.0 = Release|Any CPU
		{DD871F4D-F3F8-45A3-B6E6-81C2F5BF476A}.Debug|Any CPU.ActiveCfg = Debug|Any CPU
		{DD871F4D-F3F8-45A3-B6E6-81C2F5BF476A}.Debug|Any CPU.Build.0 = Debug|Any CPU
		{DD871F4D-F3F8-45A3-B6E6-81C2F5BF476A}.Release|Any CPU.ActiveCfg = Release|Any CPU
		{DD871F4D-F3F8-45A3-B6E6-81C2F5BF476A}.Release|Any CPU.Build.0 = Release|Any CPU
		{23D84068-68A5-4C83-B28E-237720336D3B}.Debug|Any CPU.ActiveCfg = Debug|Any CPU
		{23D84068-68A5-4C83-B28E-237720336D3B}.Debug|Any CPU.Build.0 = Debug|Any CPU
		{23D84068-68A5-4C83-B28E-237720336D3B}.Release|Any CPU.ActiveCfg = Release|Any CPU
		{23D84068-68A5-4C83-B28E-237720336D3B}.Release|Any CPU.Build.0 = Release|Any CPU
	EndGlobalSection
	GlobalSection(SolutionProperties) = preSolution
		HideSolutionNode = FALSE
	EndGlobalSection
	GlobalSection(ExtensibilityGlobals) = postSolution
		SolutionGuid = {43A0FA74-8123-4360-87CE-956B0721DCC6}
	EndGlobalSection
EndGlobal
